
Microsoft Visual Studio Solution File, Format Version 12.00
# Visual Studio Version 16
VisualStudioVersion = 16.0.29209.62
MinimumVisualStudioVersion = 10.0.40219.1
Project("{FAE04EC0-301F-11D3-BF4B-00C04F79EFBC}") = "CompileReplicateShedulingCsharp", "CompileReplicateShedulingCsharp\CompileReplicateShedulingCsharp.csproj", "{82D159C4-3A07-48FB-B521-7DEEAC140A95}"
EndProject
Global
	GlobalSection(SolutionConfigurationPlatforms) = preSolution
		Debug|Any CPU = Debug|Any CPU
		Release|Any CPU = Release|Any CPU
	EndGlobalSection
	GlobalSection(ProjectConfigurationPlatforms) = postSolution
		{82D159C4-3A07-48FB-B521-7DEEAC140A95}.Debug|Any CPU.ActiveCfg = Debug|Any CPU
		{82D159C4-3A07-48FB-B521-7DEEAC140A95}.Debug|Any CPU.Build.0 = Debug|Any CPU
		{82D159C4-3A07-48FB-B521-7DEEAC140A95}.Release|Any CPU.ActiveCfg = Release|Any CPU
		{82D159C4-3A07-48FB-B521-7DEEAC140A95}.Release|Any CPU.Build.0 = Release|Any CPU
	EndGlobalSection
	GlobalSection(SolutionProperties) = preSolution
		HideSolutionNode = FALSE
	EndGlobalSection
	GlobalSection(ExtensibilityGlobals) = postSolution
		SolutionGuid = {ABE9BFB5-5C20-4B56-B1FD-CF159395452B}
	EndGlobalSection
EndGlobal
